// !$*UTF8*$!
{
	archiveVersion = 1;
	classes = {
	};
	objectVersion = 50;
	objects = {

/* Begin PBXBuildFile section */
		91C804D72A4737813111B19A /* Pods_APIExample.framework in Frameworks */ = {isa = PBXBuildFile; fileRef = A241AFCDF3559F77C71D1FF7 /* Pods_APIExample.framework */; };
		A138966820E6647200806854 /* AppDelegate.swift in Sources */ = {isa = PBXBuildFile; fileRef = A138966720E6647200806854 /* AppDelegate.swift */; };
		A138966A20E6647300806854 /* ViewController.swift in Sources */ = {isa = PBXBuildFile; fileRef = A138966920E6647300806854 /* ViewController.swift */; };
		A138966D20E6647300806854 /* Main.storyboard in Resources */ = {isa = PBXBuildFile; fileRef = A138966B20E6647300806854 /* Main.storyboard */; };
		A138966F20E6647500806854 /* Assets.xcassets in Resources */ = {isa = PBXBuildFile; fileRef = A138966E20E6647500806854 /* Assets.xcassets */; };
		A138967220E6647500806854 /* LaunchScreen.storyboard in Resources */ = {isa = PBXBuildFile; fileRef = A138967020E6647500806854 /* LaunchScreen.storyboard */; };
		A138968020E6661200806854 /* APIProtocol.swift in Sources */ = {isa = PBXBuildFile; fileRef = A138967A20E6661200806854 /* APIProtocol.swift */; };
		A138968120E6661200806854 /* APIProvider.swift in Sources */ = {isa = PBXBuildFile; fileRef = A138967B20E6661200806854 /* APIProvider.swift */; };
		A138968220E6661200806854 /* APIAuthRouter.swift in Sources */ = {isa = PBXBuildFile; fileRef = A138967C20E6661200806854 /* APIAuthRouter.swift */; };
		A138968320E6661200806854 /* UserRegistrationDTO.swift in Sources */ = {isa = PBXBuildFile; fileRef = A138967E20E6661200806854 /* UserRegistrationDTO.swift */; };
		A138968420E6661200806854 /* ErrorDTO.swift in Sources */ = {isa = PBXBuildFile; fileRef = A138967F20E6661200806854 /* ErrorDTO.swift */; };
		A138968720E6679A00806854 /* SuccessResponseDTO.swift in Sources */ = {isa = PBXBuildFile; fileRef = A138968620E6679A00806854 /* SuccessResponseDTO.swift */; };
/* End PBXBuildFile section */

/* Begin PBXFileReference section */
		0988C924B2F15FAED1657854 /* Pods-APIExample.release.xcconfig */ = {isa = PBXFileReference; includeInIndex = 1; lastKnownFileType = text.xcconfig; name = "Pods-APIExample.release.xcconfig"; path = "Pods/Target Support Files/Pods-APIExample/Pods-APIExample.release.xcconfig"; sourceTree = "<group>"; };
		2E29C0B2409727403761C4AE /* Pods-APIExample.debug.xcconfig */ = {isa = PBXFileReference; includeInIndex = 1; lastKnownFileType = text.xcconfig; name = "Pods-APIExample.debug.xcconfig"; path = "Pods/Target Support Files/Pods-APIExample/Pods-APIExample.debug.xcconfig"; sourceTree = "<group>"; };
		A138966420E6647200806854 /* APIExample.app */ = {isa = PBXFileReference; explicitFileType = wrapper.application; includeInIndex = 0; path = APIExample.app; sourceTree = BUILT_PRODUCTS_DIR; };
		A138966720E6647200806854 /* AppDelegate.swift */ = {isa = PBXFileReference; lastKnownFileType = sourcecode.swift; path = AppDelegate.swift; sourceTree = "<group>"; };
		A138966920E6647300806854 /* ViewController.swift */ = {isa = PBXFileReference; lastKnownFileType = sourcecode.swift; path = ViewController.swift; sourceTree = "<group>"; };
		A138966C20E6647300806854 /* Base */ = {isa = PBXFileReference; lastKnownFileType = file.storyboard; name = Base; path = Base.lproj/Main.storyboard; sourceTree = "<group>"; };
		A138966E20E6647500806854 /* Assets.xcassets */ = {isa = PBXFileReference; lastKnownFileType = folder.assetcatalog; path = Assets.xcassets; sourceTree = "<group>"; };
		A138967120E6647500806854 /* Base */ = {isa = PBXFileReference; lastKnownFileType = file.storyboard; name = Base; path = Base.lproj/LaunchScreen.storyboard; sourceTree = "<group>"; };
		A138967320E6647500806854 /* Info.plist */ = {isa = PBXFileReference; lastKnownFileType = text.plist.xml; path = Info.plist; sourceTree = "<group>"; };
		A138967A20E6661200806854 /* APIProtocol.swift */ = {isa = PBXFileReference; fileEncoding = 4; lastKnownFileType = sourcecode.swift; path = APIProtocol.swift; sourceTree = "<group>"; };
		A138967B20E6661200806854 /* APIProvider.swift */ = {isa = PBXFileReference; fileEncoding = 4; lastKnownFileType = sourcecode.swift; path = APIProvider.swift; sourceTree = "<group>"; };
		A138967C20E6661200806854 /* APIAuthRouter.swift */ = {isa = PBXFileReference; fileEncoding = 4; lastKnownFileType = sourcecode.swift; path = APIAuthRouter.swift; sourceTree = "<group>"; };
		A138967E20E6661200806854 /* UserRegistrationDTO.swift */ = {isa = PBXFileReference; fileEncoding = 4; lastKnownFileType = sourcecode.swift; path = UserRegistrationDTO.swift; sourceTree = "<group>"; };
		A138967F20E6661200806854 /* ErrorDTO.swift */ = {isa = PBXFileReference; fileEncoding = 4; lastKnownFileType = sourcecode.swift; path = ErrorDTO.swift; sourceTree = "<group>"; };
		A138968620E6679A00806854 /* SuccessResponseDTO.swift */ = {isa = PBXFileReference; lastKnownFileType = sourcecode.swift; path = SuccessResponseDTO.swift; sourceTree = "<group>"; };
		A241AFCDF3559F77C71D1FF7 /* Pods_APIExample.framework */ = {isa = PBXFileReference; explicitFileType = wrapper.framework; includeInIndex = 0; path = Pods_APIExample.framework; sourceTree = BUILT_PRODUCTS_DIR; };
/* End PBXFileReference section */

/* Begin PBXFrameworksBuildPhase section */
		A138966120E6647200806854 /* Frameworks */ = {
			isa = PBXFrameworksBuildPhase;
			buildActionMask = 2147483647;
			files = (
				91C804D72A4737813111B19A /* Pods_APIExample.framework in Frameworks */,
			);
			runOnlyForDeploymentPostprocessing = 0;
		};
/* End PBXFrameworksBuildPhase section */

/* Begin PBXGroup section */
		0715C360326363EC7FE78A61 /* Frameworks */ = {
			isa = PBXGroup;
			children = (
				A241AFCDF3559F77C71D1FF7 /* Pods_APIExample.framework */,
			);
			name = Frameworks;
			sourceTree = "<group>";
		};
		47035FD3237C920A8AAA07DF /* Pods */ = {
			isa = PBXGroup;
			children = (
				2E29C0B2409727403761C4AE /* Pods-APIExample.debug.xcconfig */,
				0988C924B2F15FAED1657854 /* Pods-APIExample.release.xcconfig */,
			);
			name = Pods;
			sourceTree = "<group>";
		};
		A138965B20E6647200806854 = {
			isa = PBXGroup;
			children = (
				A138966620E6647200806854 /* APIExample */,
				A138966520E6647200806854 /* Products */,
				47035FD3237C920A8AAA07DF /* Pods */,
				0715C360326363EC7FE78A61 /* Frameworks */,
			);
			sourceTree = "<group>";
		};
		A138966520E6647200806854 /* Products */ = {
			isa = PBXGroup;
			children = (
				A138966420E6647200806854 /* APIExample.app */,
			);
			name = Products;
			sourceTree = "<group>";
		};
		A138966620E6647200806854 /* APIExample */ = {
			isa = PBXGroup;
			children = (
				A138966920E6647300806854 /* ViewController.swift */,
				A138967D20E6661200806854 /* Models */,
				A138967920E6661200806854 /* API */,
				A138968520E6661E00806854 /* Source */,
			);
			path = APIExample;
			sourceTree = "<group>";
		};
		A138967920E6661200806854 /* API */ = {
			isa = PBXGroup;
			children = (
				A138967A20E6661200806854 /* APIProtocol.swift */,
				A138967B20E6661200806854 /* APIProvider.swift */,
				A138967C20E6661200806854 /* APIAuthRouter.swift */,
			);
			path = API;
			sourceTree = "<group>";
		};
		A138967D20E6661200806854 /* Models */ = {
			isa = PBXGroup;
			children = (
				A138967E20E6661200806854 /* UserRegistrationDTO.swift */,
				A138967F20E6661200806854 /* ErrorDTO.swift */,
				A138968620E6679A00806854 /* SuccessResponseDTO.swift */,
			);
			path = Models;
			sourceTree = "<group>";
		};
		A138968520E6661E00806854 /* Source */ = {
			isa = PBXGroup;
			children = (
				A138966B20E6647300806854 /* Main.storyboard */,
				A138966720E6647200806854 /* AppDelegate.swift */,
				A138966E20E6647500806854 /* Assets.xcassets */,
				A138967020E6647500806854 /* LaunchScreen.storyboard */,
				A138967320E6647500806854 /* Info.plist */,
			);
			path = Source;
			sourceTree = "<group>";
		};
/* End PBXGroup section */

/* Begin PBXNativeTarget section */
		A138966320E6647200806854 /* APIExample */ = {
			isa = PBXNativeTarget;
			buildConfigurationList = A138967620E6647500806854 /* Build configuration list for PBXNativeTarget "APIExample" */;
			buildPhases = (
				0C4F80EE6D1431B5F03248A4 /* [CP] Check Pods Manifest.lock */,
				A138966020E6647200806854 /* Sources */,
				A138966120E6647200806854 /* Frameworks */,
				A138966220E6647200806854 /* Resources */,
				CBAFA9E912898DBA0C321E5B /* [CP] Embed Pods Frameworks */,
			);
			buildRules = (
			);
			dependencies = (
			);
			name = APIExample;
			productName = APIExample;
			productReference = A138966420E6647200806854 /* APIExample.app */;
			productType = "com.apple.product-type.application";
		};
/* End PBXNativeTarget section */

/* Begin PBXProject section */
		A138965C20E6647200806854 /* Project object */ = {
			isa = PBXProject;
			attributes = {
				LastSwiftUpdateCheck = 0940;
				LastUpgradeCheck = 0940;
				ORGANIZATIONNAME = "Yevhenii Lytvinenko";
				TargetAttributes = {
					A138966320E6647200806854 = {
						CreatedOnToolsVersion = 9.4;
					};
				};
			};
			buildConfigurationList = A138965F20E6647200806854 /* Build configuration list for PBXProject "APIExample" */;
			compatibilityVersion = "Xcode 9.3";
			developmentRegion = en;
			hasScannedForEncodings = 0;
			knownRegions = (
				en,
				Base,
			);
			mainGroup = A138965B20E6647200806854;
			productRefGroup = A138966520E6647200806854 /* Products */;
			projectDirPath = "";
			projectRoot = "";
			targets = (
				A138966320E6647200806854 /* APIExample */,
			);
		};
/* End PBXProject section */

/* Begin PBXResourcesBuildPhase section */
		A138966220E6647200806854 /* Resources */ = {
			isa = PBXResourcesBuildPhase;
			buildActionMask = 2147483647;
			files = (
				A138967220E6647500806854 /* LaunchScreen.storyboard in Resources */,
				A138966F20E6647500806854 /* Assets.xcassets in Resources */,
				A138966D20E6647300806854 /* Main.storyboard in Resources */,
			);
			runOnlyForDeploymentPostprocessing = 0;
		};
/* End PBXResourcesBuildPhase section */

/* Begin PBXShellScriptBuildPhase section */
		0C4F80EE6D1431B5F03248A4 /* [CP] Check Pods Manifest.lock */ = {
			isa = PBXShellScriptBuildPhase;
			buildActionMask = 2147483647;
			files = (
			);
			inputPaths = (
				"${PODS_PODFILE_DIR_PATH}/Podfile.lock",
				"${PODS_ROOT}/Manifest.lock",
			);
			name = "[CP] Check Pods Manifest.lock";
			outputPaths = (
				"$(DERIVED_FILE_DIR)/Pods-APIExample-checkManifestLockResult.txt",
			);
			runOnlyForDeploymentPostprocessing = 0;
			shellPath = /bin/sh;
			shellScript = "diff \"${PODS_PODFILE_DIR_PATH}/Podfile.lock\" \"${PODS_ROOT}/Manifest.lock\" > /dev/null\nif [ $? != 0 ] ; then\n    # print error to STDERR\n    echo \"error: The sandbox is not in sync with the Podfile.lock. Run 'pod install' or update your CocoaPods installation.\" >&2\n    exit 1\nfi\n# This output is used by Xcode 'outputs' to avoid re-running this script phase.\necho \"SUCCESS\" > \"${SCRIPT_OUTPUT_FILE_0}\"\n";
			showEnvVarsInLog = 0;
		};
		CBAFA9E912898DBA0C321E5B /* [CP] Embed Pods Frameworks */ = {
			isa = PBXShellScriptBuildPhase;
			buildActionMask = 2147483647;
			files = (
			);
			inputPaths = (
				"${SRCROOT}/Pods/Target Support Files/Pods-APIExample/Pods-APIExample-frameworks.sh",
				"${BUILT_PRODUCTS_DIR}/Alamofire/Alamofire.framework",
			);
			name = "[CP] Embed Pods Frameworks";
			outputPaths = (
				"${TARGET_BUILD_DIR}/${FRAMEWORKS_FOLDER_PATH}/Alamofire.framework",
			);
			runOnlyForDeploymentPostprocessing = 0;
			shellPath = /bin/sh;
			shellScript = "\"${SRCROOT}/Pods/Target Support Files/Pods-APIExample/Pods-APIExample-frameworks.sh\"\n";
			showEnvVarsInLog = 0;
		};
/* End PBXShellScriptBuildPhase section */

/* Begin PBXSourcesBuildPhase section */
		A138966020E6647200806854 /* Sources */ = {
			isa = PBXSourcesBuildPhase;
			buildActionMask = 2147483647;
			files = (
				A138966A20E6647300806854 /* ViewController.swift in Sources */,
				A138968220E6661200806854 /* APIAuthRouter.swift in Sources */,
				A138968720E6679A00806854 /* SuccessResponseDTO.swift in Sources */,
				A138968420E6661200806854 /* ErrorDTO.swift in Sources */,
				A138968320E6661200806854 /* UserRegistrationDTO.swift in Sources */,
				A138968120E6661200806854 /* APIProvider.swift in Sources */,
				A138966820E6647200806854 /* AppDelegate.swift in Sources */,
				A138968020E6661200806854 /* APIProtocol.swift in Sources */,
			);
			runOnlyForDeploymentPostprocessing = 0;
		};
/* End PBXSourcesBuildPhase section */

/* Begin PBXVariantGroup section */
		A138966B20E6647300806854 /* Main.storyboard */ = {
			isa = PBXVariantGroup;
			children = (
				A138966C20E6647300806854 /* Base */,
			);
			name = Main.storyboard;
			sourceTree = "<group>";
		};
		A138967020E6647500806854 /* LaunchScreen.storyboard */ = {
			isa = PBXVariantGroup;
			children = (
				A138967120E6647500806854 /* Base */,
			);
			name = LaunchScreen.storyboard;
			sourceTree = "<group>";
		};
/* End PBXVariantGroup section */

/* Begin XCBuildConfiguration section */
		A138967420E6647500806854 /* Debug */ = {
			isa = XCBuildConfiguration;
			buildSettings = {
				ALWAYS_SEARCH_USER_PATHS = NO;
				CLANG_ANALYZER_NONNULL = YES;
				CLANG_ANALYZER_NUMBER_OBJECT_CONVERSION = YES_AGGRESSIVE;
				CLANG_CXX_LANGUAGE_STANDARD = "gnu++14";
				CLANG_CXX_LIBRARY = "libc++";
				CLANG_ENABLE_MODULES = YES;
				CLANG_ENABLE_OBJC_ARC = YES;
				CLANG_ENABLE_OBJC_WEAK = YES;
				CLANG_WARN_BLOCK_CAPTURE_AUTORELEASING = YES;
				CLANG_WARN_BOOL_CONVERSION = YES;
				CLANG_WARN_COMMA = YES;
				CLANG_WARN_CONSTANT_CONVERSION = YES;
				CLANG_WARN_DEPRECATED_OBJC_IMPLEMENTATIONS = YES;
				CLANG_WARN_DIRECT_OBJC_ISA_USAGE = YES_ERROR;
				CLANG_WARN_DOCUMENTATION_COMMENTS = YES;
				CLANG_WARN_EMPTY_BODY = YES;
				CLANG_WARN_ENUM_CONVERSION = YES;
				CLANG_WARN_INFINITE_RECURSION = YES;
				CLANG_WARN_INT_CONVERSION = YES;
				CLANG_WARN_NON_LITERAL_NULL_CONVERSION = YES;
				CLANG_WARN_OBJC_IMPLICIT_RETAIN_SELF = YES;
				CLANG_WARN_OBJC_LITERAL_CONVERSION = YES;
				CLANG_WARN_OBJC_ROOT_CLASS = YES_ERROR;
				CLANG_WARN_RANGE_LOOP_ANALYSIS = YES;
				CLANG_WARN_STRICT_PROTOTYPES = YES;
				CLANG_WARN_SUSPICIOUS_MOVE = YES;
				CLANG_WARN_UNGUARDED_AVAILABILITY = YES_AGGRESSIVE;
				CLANG_WARN_UNREACHABLE_CODE = YES;
				CLANG_WARN__DUPLICATE_METHOD_MATCH = YES;
				CODE_SIGN_IDENTITY = "iPhone Developer";
				COPY_PHASE_STRIP = NO;
				DEBUG_INFORMATION_FORMAT = dwarf;
				ENABLE_STRICT_OBJC_MSGSEND = YES;
				ENABLE_TESTABILITY = YES;
				GCC_C_LANGUAGE_STANDARD = gnu11;
				GCC_DYNAMIC_NO_PIC = NO;
				GCC_NO_COMMON_BLOCKS = YES;
				GCC_OPTIMIZATION_LEVEL = 0;
				GCC_PREPROCESSOR_DEFINITIONS = (
					"DEBUG=1",
					"$(inherited)",
				);
				GCC_WARN_64_TO_32_BIT_CONVERSION = YES;
				GCC_WARN_ABOUT_RETURN_TYPE = YES_ERROR;
				GCC_WARN_UNDECLARED_SELECTOR = YES;
				GCC_WARN_UNINITIALIZED_AUTOS = YES_AGGRESSIVE;
				GCC_WARN_UNUSED_FUNCTION = YES;
				GCC_WARN_UNUSED_VARIABLE = YES;
				IPHONEOS_DEPLOYMENT_TARGET = 11.4;
				MTL_ENABLE_DEBUG_INFO = YES;
				ONLY_ACTIVE_ARCH = YES;
				SDKROOT = iphoneos;
				SWIFT_ACTIVE_COMPILATION_CONDITIONS = DEBUG;
				SWIFT_OPTIMIZATION_LEVEL = "-Onone";
			};
			name = Debug;
		};
		A138967520E6647500806854 /* Release */ = {
			isa = XCBuildConfiguration;
			buildSettings = {
				ALWAYS_SEARCH_USER_PATHS = NO;
				CLANG_ANALYZER_NONNULL = YES;
				CLANG_ANALYZER_NUMBER_OBJECT_CONVERSION = YES_AGGRESSIVE;
				CLANG_CXX_LANGUAGE_STANDARD = "gnu++14";
				CLANG_CXX_LIBRARY = "libc++";
				CLANG_ENABLE_MODULES = YES;
				CLANG_ENABLE_OBJC_ARC = YES;
				CLANG_ENABLE_OBJC_WEAK = YES;
				CLANG_WARN_BLOCK_CAPTURE_AUTORELEASING = YES;
				CLANG_WARN_BOOL_CONVERSION = YES;
				CLANG_WARN_COMMA = YES;
				CLANG_WARN_CONSTANT_CONVERSION = YES;
				CLANG_WARN_DEPRECATED_OBJC_IMPLEMENTATIONS = YES;
				CLANG_WARN_DIRECT_OBJC_ISA_USAGE = YES_ERROR;
				CLANG_WARN_DOCUMENTATION_COMMENTS = YES;
				CLANG_WARN_EMPTY_BODY = YES;
				CLANG_WARN_ENUM_CONVERSION = YES;
				CLANG_WARN_INFINITE_RECURSION = YES;
				CLANG_WARN_INT_CONVERSION = YES;
				CLANG_WARN_NON_LITERAL_NULL_CONVERSION = YES;
				CLANG_WARN_OBJC_IMPLICIT_RETAIN_SELF = YES;
				CLANG_WARN_OBJC_LITERAL_CONVERSION = YES;
				CLANG_WARN_OBJC_ROOT_CLASS = YES_ERROR;
				CLANG_WARN_RANGE_LOOP_ANALYSIS = YES;
				CLANG_WARN_STRICT_PROTOTYPES = YES;
				CLANG_WARN_SUSPICIOUS_MOVE = YES;
				CLANG_WARN_UNGUARDED_AVAILABILITY = YES_AGGRESSIVE;
				CLANG_WARN_UNREACHABLE_CODE = YES;
				CLANG_WARN__DUPLICATE_METHOD_MATCH = YES;
				CODE_SIGN_IDENTITY = "iPhone Developer";
				COPY_PHASE_STRIP = NO;
				DEBUG_INFORMATION_FORMAT = "dwarf-with-dsym";
				ENABLE_NS_ASSERTIONS = NO;
				ENABLE_STRICT_OBJC_MSGSEND = YES;
				GCC_C_LANGUAGE_STANDARD = gnu11;
				GCC_NO_COMMON_BLOCKS = YES;
				GCC_WARN_64_TO_32_BIT_CONVERSION = YES;
				GCC_WARN_ABOUT_RETURN_TYPE = YES_ERROR;
				GCC_WARN_UNDECLARED_SELECTOR = YES;
				GCC_WARN_UNINITIALIZED_AUTOS = YES_AGGRESSIVE;
				GCC_WARN_UNUSED_FUNCTION = YES;
				GCC_WARN_UNUSED_VARIABLE = YES;
				IPHONEOS_DEPLOYMENT_TARGET = 11.4;
				MTL_ENABLE_DEBUG_INFO = NO;
				SDKROOT = iphoneos;
				SWIFT_COMPILATION_MODE = wholemodule;
				SWIFT_OPTIMIZATION_LEVEL = "-O";
				VALIDATE_PRODUCT = YES;
			};
			name = Release;
		};
		A138967720E6647500806854 /* Debug */ = {
			isa = XCBuildConfiguration;
			baseConfigurationReference = 2E29C0B2409727403761C4AE /* Pods-APIExample.debug.xcconfig */;
			buildSettings = {
				ASSETCATALOG_COMPILER_APPICON_NAME = AppIcon;
				CODE_SIGN_STYLE = Automatic;
				DEVELOPMENT_TEAM = 384EKLU4NT;
				INFOPLIST_FILE = APIExample/Info.plist;
				LD_RUNPATH_SEARCH_PATHS = (
					"$(inherited)",
					"@executable_path/Frameworks",
				);
				PRODUCT_BUNDLE_IDENTIFIER = "com.api-exapmle.api-example";
				PRODUCT_NAME = "$(TARGET_NAME)";
				SWIFT_VERSION = 4.0;
				TARGETED_DEVICE_FAMILY = "1,2";
			};
			name = Debug;
		};
		A138967820E6647500806854 /* Release */ = {
			isa = XCBuildConfiguration;
			baseConfigurationReference = 0988C924B2F15FAED1657854 /* Pods-APIExample.release.xcconfig */;
			buildSettings = {
				ASSETCATALOG_COMPILER_APPICON_NAME = AppIcon;
				CODE_SIGN_STYLE = Automatic;
				DEVELOPMENT_TEAM = 384EKLU4NT;
				INFOPLIST_FILE = APIExample/Info.plist;
				LD_RUNPATH_SEARCH_PATHS = (
					"$(inherited)",
					"@executable_path/Frameworks",
				);
				PRODUCT_BUNDLE_IDENTIFIER = "com.api-exapmle.api-example";
				PRODUCT_NAME = "$(TARGET_NAME)";
				SWIFT_VERSION = 4.0;
				TARGETED_DEVICE_FAMILY = "1,2";
			};
			name = Release;
		};
/* End XCBuildConfiguration section */

/* Begin XCConfigurationList section */
		A138965F20E6647200806854 /* Build configuration list for PBXProject "APIExample" */ = {
			isa = XCConfigurationList;
			buildConfigurations = (
				A138967420E6647500806854 /* Debug */,
				A138967520E6647500806854 /* Release */,
			);
			defaultConfigurationIsVisible = 0;
			defaultConfigurationName = Release;
		};
		A138967620E6647500806854 /* Build configuration list for PBXNativeTarget "APIExample" */ = {
			isa = XCConfigurationList;
			buildConfigurations = (
				A138967720E6647500806854 /* Debug */,
				A138967820E6647500806854 /* Release */,
			);
			defaultConfigurationIsVisible = 0;
			defaultConfigurationName = Release;
		};
/* End XCConfigurationList section */
	};
	rootObject = A138965C20E6647200806854 /* Project object */;
}
